
Microsoft Visual Studio Solution File, Format Version 12.00
# Visual Studio Version 16
VisualStudioVersion = 16.0.29209.62
MinimumVisualStudioVersion = 10.0.40219.1
Project("{8BC9CEB8-8B4A-11D0-8D11-00A0C91BC942}") = "KnobsterExample", "KnobsterExample.vcxproj", "{F0294973-DDAC-4AC9-950F-7F1535FE3678}"
EndProject
Global
	GlobalSection(SolutionConfigurationPlatforms) = preSolution
		Debug|Win32 = Debug|Win32
		Debug|x64 = Debug|x64
		Release|Win32 = Release|Win32
		Release|x64 = Release|x64
	EndGlobalSection
	GlobalSection(ProjectConfigurationPlatforms) = postSolution
		{F0294973-DDAC-4AC9-950F-7F1535FE3678}.Debug|Win32.ActiveCfg = Debug|Win32
		{F0294973-DDAC-4AC9-950F-7F1535FE3678}.Debug|Win32.Build.0 = Debug|Win32
		{F0294973-DDAC-4AC9-950F-7F1535FE3678}.Debug|x64.ActiveCfg = Debug|x64
		{F0294973-DDAC-4AC9-950F-7F1535FE3678}.Debug|x64.Build.0 = Debug|x64
		{F0294973-DDAC-4AC9-950F-7F1535FE3678}.Release|Win32.ActiveCfg = Release|Win32
		{F0294973-DDAC-4AC9-950F-7F1535FE3678}.Release|Win32.Build.0 = Release|Win32
		{F0294973-DDAC-4AC9-950F-7F1535FE3678}.Release|x64.ActiveCfg = Release|x64
		{F0294973-DDAC-4AC9-950F-7F1535FE3678}.Release|x64.Build.0 = Release|x64
	EndGlobalSection
	GlobalSection(SolutionProperties) = preSolution
		HideSolutionNode = FALSE
	EndGlobalSection
	GlobalSection(ExtensibilityGlobals) = postSolution
		SolutionGuid = {24933B71-4A4B-4CF7-A794-916C4523ADD2}
	EndGlobalSection
EndGlobal
